
Microsoft Visual Studio Solution File, Format Version 12.00
# Visual Studio Version 17
VisualStudioVersion = 17.8.34316.72
MinimumVisualStudioVersion = 10.0.40219.1
Project("{9A19103F-16F7-4668-BE54-9A1E7A4F7556}") = "FAMS.Api", "FAMS.Api\FAMS.Api.csproj", "{38912701-9B0D-4592-85B3-39F3DCC14754}"
EndProject
Project("{9A19103F-16F7-4668-BE54-9A1E7A4F7556}") = "FAMS.Domain", "FAMS.Domain\FAMS.Domain.csproj", "{E5DB3E75-3EC2-4DD4-8278-190B86F1CBB8}"
EndProject
Project("{9A19103F-16F7-4668-BE54-9A1E7A4F7556}") = "FAMS.Core", "FAMS.Core\FAMS.Core.csproj", "{D3212FE1-5AB5-4917-B7B5-CCA0CB3ED557}"
EndProject
Project("{9A19103F-16F7-4668-BE54-9A1E7A4F7556}") = "FAMS.Test", "FAMS.Test\FAMS.Test.csproj", "{69F8A174-A150-45AA-B7A6-81045B787FD9}"
EndProject
Global
	GlobalSection(SolutionConfigurationPlatforms) = preSolution
		Debug|Any CPU = Debug|Any CPU
		Release|Any CPU = Release|Any CPU
	EndGlobalSection
	GlobalSection(ProjectConfigurationPlatforms) = postSolution
		{38912701-9B0D-4592-85B3-39F3DCC14754}.Debug|Any CPU.ActiveCfg = Debug|Any CPU
		{38912701-9B0D-4592-85B3-39F3DCC14754}.Debug|Any CPU.Build.0 = Debug|Any CPU
		{38912701-9B0D-4592-85B3-39F3DCC14754}.Release|Any CPU.ActiveCfg = Release|Any CPU
		{38912701-9B0D-4592-85B3-39F3DCC14754}.Release|Any CPU.Build.0 = Release|Any CPU
		{E5DB3E75-3EC2-4DD4-8278-190B86F1CBB8}.Debug|Any CPU.ActiveCfg = Debug|Any CPU
		{E5DB3E75-3EC2-4DD4-8278-190B86F1CBB8}.Debug|Any CPU.Build.0 = Debug|Any CPU
		{E5DB3E75-3EC2-4DD4-8278-190B86F1CBB8}.Release|Any CPU.ActiveCfg = Release|Any CPU
		{E5DB3E75-3EC2-4DD4-8278-190B86F1CBB8}.Release|Any CPU.Build.0 = Release|Any CPU
		{D3212FE1-5AB5-4917-B7B5-CCA0CB3ED557}.Debug|Any CPU.ActiveCfg = Debug|Any CPU
		{D3212FE1-5AB5-4917-B7B5-CCA0CB3ED557}.Debug|Any CPU.Build.0 = Debug|Any CPU
		{D3212FE1-5AB5-4917-B7B5-CCA0CB3ED557}.Release|Any CPU.ActiveCfg = Release|Any CPU
		{D3212FE1-5AB5-4917-B7B5-CCA0CB3ED557}.Release|Any CPU.Build.0 = Release|Any CPU
		{69F8A174-A150-45AA-B7A6-81045B787FD9}.Debug|Any CPU.ActiveCfg = Debug|Any CPU
		{69F8A174-A150-45AA-B7A6-81045B787FD9}.Debug|Any CPU.Build.0 = Debug|Any CPU
		{69F8A174-A150-45AA-B7A6-81045B787FD9}.Release|Any CPU.ActiveCfg = Release|Any CPU
		{69F8A174-A150-45AA-B7A6-81045B787FD9}.Release|Any CPU.Build.0 = Release|Any CPU
	EndGlobalSection
	GlobalSection(SolutionProperties) = preSolution
		HideSolutionNode = FALSE
	EndGlobalSection
	GlobalSection(ExtensibilityGlobals) = postSolution
		SolutionGuid = {59856385-A39E-4E4D-A048-AD55D45E608D}
	EndGlobalSection
EndGlobal
